{
  "name": "frontend-41-git",
  "lockfileVersion": 3,
  "requires": true,
  "packages": {
    "": {
      "dependencies": {
        "@lottiefiles/dotlottie-web": "^0.40.1"
      }
    },
    "node_modules/@lottiefiles/dotlottie-web": {
      "version": "0.40.1",
      "resolved": "https://registry.npmjs.org/@lottiefiles/dotlottie-web/-/dotlottie-web-0.40.1.tgz",
      "integrity": "sha512-iNz1rr8zRTSJ0xCZEPeoCX6YnaNhBdkF7gJWhSa8bwB4NTrYZm0vAuC0jF/aLLhU7q9nf6ykxffrz0Sf4JPSPg==",
      "license": "MIT"
    }
  }
}
